{
  "version": 4,
  "terraform_version": "1.3.4",
  "serial": 22,
  "lineage": "bc777267-ca92-c1df-083a-1e387448adec",
  "outputs": {
    "live_url": {
      "value": "https://personal-site-timbrook-tech-phfhf.ondigitalocean.app",
      "type": "string"
    }
  },
  "resources": [
    {
      "mode": "data",
      "type": "digitalocean_domain",
      "name": "timbrook-tech",
      "provider": "provider[\"registry.terraform.io/digitalocean/digitalocean\"]",
      "instances": [
        {
          "schema_version": 0,
          "attributes": {
            "id": "timbrook.tech",
            "name": "timbrook.tech",
            "ttl": 1800,
            "urn": "do:domain:timbrook.tech",
            "zone_file": "$ORIGIN timbrook.tech.\n$TTL 1800\ntimbrook.tech. IN SOA ns1.digitalocean.com. hostmaster.timbrook.tech. 1667772703 10800 3600 604800 1800\ntimbrook.tech. 1800 IN NS ns1.digitalocean.com.\ntimbrook.tech. 1800 IN NS ns2.digitalocean.com.\ntimbrook.tech. 1800 IN NS ns3.digitalocean.com.\ntimbrook.tech. 3600 IN TXT v=spf1 include:mailgun.org ~all\npic._domainkey.timbrook.tech. 3600 IN TXT k=rsa; p=MIGfMA0GCSqGSIb3DQEBAQUAA4GNADCBiQKBgQDfeHCIk1HBd4j9xMz85Fjdv8/BPTRk92EAS61IOZd9PPCN3AY59WJKt7OjIFf9KKHIgo+hbgSUyfQ5/L+ZemprH5xSwrhXqO8yE1bOinCJMXUUfx2UcL13taMrSfj4f6lGrzUIK+W7FH1qTXYKzDgo18aYmI4DRd+EMp4MYI3LrwIDAQAB\ntimbrook.tech. 14400 IN MX 10 mxa.mailgun.org.\ntimbrook.tech. 14400 IN MX 10 mxb.mailgun.org.\nemail.timbrook.tech. 43200 IN CNAME mailgun.org.\n"
          },
          "sensitive_attributes": []
        }
      ]
    },
    {
      "mode": "managed",
      "type": "digitalocean_app",
      "name": "site",
      "provider": "provider[\"registry.terraform.io/digitalocean/digitalocean\"]",
      "instances": [
        {
          "schema_version": 0,
          "attributes": {
            "active_deployment_id": "6b4b67a1-15f2-441c-b6b8-473884fca489",
            "created_at": "2022-11-06 22:02:42 +0000 UTC",
            "default_ingress": "https://personal-site-timbrook-tech-phfhf.ondigitalocean.app",
            "id": "d245567d-601f-4fc3-8e5a-be788b6d11be",
            "live_url": "https://personal-site-timbrook-tech-phfhf.ondigitalocean.app",
            "spec": [
              {
                "alert": [],
                "database": [],
                "domain": [],
                "domains": [],
                "env": [],
                "function": [],
                "job": [],
                "name": "personal-site-timbrook-tech",
                "region": "sfo",
                "service": [],
                "static_site": [
                  {
                    "build_command": "npm run build",
                    "catchall_document": "",
                    "cors": [],
                    "dockerfile_path": "",
                    "env": [],
                    "environment_slug": "",
                    "error_document": "",
                    "git": [
                      {
                        "branch": "main",
                        "repo_clone_url": "https://github.com/7imbrook/timbrook.tech"
                      }
                    ],
                    "github": [],
                    "gitlab": [],
                    "index_document": "",
                    "name": "static",
                    "output_dir": "/build",
                    "routes": [
                      {
                        "path": "/",
                        "preserve_path_prefix": false
                      }
                    ],
                    "source_dir": ""
                  }
                ],
                "worker": []
              }
            ],
            "timeouts": null,
            "updated_at": "2022-11-06 22:23:19 +0000 UTC",
            "urn": "do:app:d245567d-601f-4fc3-8e5a-be788b6d11be"
          },
          "sensitive_attributes": [],
          "private": "eyJlMmJmYjczMC1lY2FhLTExZTYtOGY4OC0zNDM2M2JjN2M0YzAiOnsiY3JlYXRlIjoxODAwMDAwMDAwMDAwfX0="
        }
      ]
    }
  ],
  "check_results": null
}
